
Microsoft Visual Studio Solution File, Format Version 12.00
# Visual Studio 15
VisualStudioVersion = 15.0.27130.2010
MinimumVisualStudioVersion = 10.0.40219.1
Project("{FAE04EC0-301F-11D3-BF4B-00C04F79EFBC}") = "SezBot3000v2", "SezBot3000v2\SezBot3000v2.csproj", "{6AA3074B-2A30-4186-B79F-499A248371EF}"
EndProject
Global
	GlobalSection(SolutionConfigurationPlatforms) = preSolution
		Debug|Any CPU = Debug|Any CPU
		Release|Any CPU = Release|Any CPU
	EndGlobalSection
	GlobalSection(ProjectConfigurationPlatforms) = postSolution
		{6AA3074B-2A30-4186-B79F-499A248371EF}.Debug|Any CPU.ActiveCfg = Debug|Any CPU
		{6AA3074B-2A30-4186-B79F-499A248371EF}.Debug|Any CPU.Build.0 = Debug|Any CPU
		{6AA3074B-2A30-4186-B79F-499A248371EF}.Release|Any CPU.ActiveCfg = Release|Any CPU
		{6AA3074B-2A30-4186-B79F-499A248371EF}.Release|Any CPU.Build.0 = Release|Any CPU
	EndGlobalSection
	GlobalSection(SolutionProperties) = preSolution
		HideSolutionNode = FALSE
	EndGlobalSection
	GlobalSection(ExtensibilityGlobals) = postSolution
		SolutionGuid = {BF1E6075-E675-4833-92D3-77E412E5C90B}
	EndGlobalSection
EndGlobal
